
Microsoft Visual Studio Solution File, Format Version 12.00
# Visual Studio 15
VisualStudioVersion = 15.0.28010.2016
MinimumVisualStudioVersion = 10.0.40219.1
Project("{FAE04EC0-301F-11D3-BF4B-00C04F79EFBC}") = "MagicSquareGUINoPrompt", "MagicSquareGUINoPrompt\MagicSquareGUINoPrompt.csproj", "{A8129EE0-B5C8-4CBB-B71F-0DFCCB12029A}"
EndProject
Global
	GlobalSection(SolutionConfigurationPlatforms) = preSolution
		Debug|Any CPU = Debug|Any CPU
		Release|Any CPU = Release|Any CPU
	EndGlobalSection
	GlobalSection(ProjectConfigurationPlatforms) = postSolution
		{A8129EE0-B5C8-4CBB-B71F-0DFCCB12029A}.Debug|Any CPU.ActiveCfg = Debug|Any CPU
		{A8129EE0-B5C8-4CBB-B71F-0DFCCB12029A}.Debug|Any CPU.Build.0 = Debug|Any CPU
		{A8129EE0-B5C8-4CBB-B71F-0DFCCB12029A}.Release|Any CPU.ActiveCfg = Release|Any CPU
		{A8129EE0-B5C8-4CBB-B71F-0DFCCB12029A}.Release|Any CPU.Build.0 = Release|Any CPU
	EndGlobalSection
	GlobalSection(SolutionProperties) = preSolution
		HideSolutionNode = FALSE
	EndGlobalSection
	GlobalSection(ExtensibilityGlobals) = postSolution
		SolutionGuid = {7719EBDA-A338-4A6F-AC26-4B9CE92E109A}
	EndGlobalSection
EndGlobal
